// !$*UTF8*$!
{
	archiveVersion = 1;
	classes = {
	};
	objectVersion = 56;
	objects = {

/* Begin PBXBuildFile section */
		D89DF7C929DC29EB00290893 /* AppDelegate.swift in Sources */ = {isa = PBXBuildFile; fileRef = D89DF7C829DC29EB00290893 /* AppDelegate.swift */; };
		D89DF7CB29DC29EB00290893 /* SceneDelegate.swift in Sources */ = {isa = PBXBuildFile; fileRef = D89DF7CA29DC29EB00290893 /* SceneDelegate.swift */; };
		D89DF7CD29DC29EB00290893 /* HomeVC.swift in Sources */ = {isa = PBXBuildFile; fileRef = D89DF7CC29DC29EB00290893 /* HomeVC.swift */; };
		D89DF7D029DC29EB00290893 /* Main.storyboard in Resources */ = {isa = PBXBuildFile; fileRef = D89DF7CE29DC29EB00290893 /* Main.storyboard */; };
		D89DF7D229DC29EC00290893 /* Assets.xcassets in Resources */ = {isa = PBXBuildFile; fileRef = D89DF7D129DC29EC00290893 /* Assets.xcassets */; };
		D89DF7D529DC29EC00290893 /* LaunchScreen.storyboard in Resources */ = {isa = PBXBuildFile; fileRef = D89DF7D329DC29EC00290893 /* LaunchScreen.storyboard */; };
		D89DF7E029DC2B0A00290893 /* FoodCategory.swift in Sources */ = {isa = PBXBuildFile; fileRef = D89DF7DF29DC2B0A00290893 /* FoodCategory.swift */; };
		D89DF7E229DC2CAF00290893 /* Recipe.swift in Sources */ = {isa = PBXBuildFile; fileRef = D89DF7E129DC2CAF00290893 /* Recipe.swift */; };
		D89DF7E429DC2D2500290893 /* DataSet.swift in Sources */ = {isa = PBXBuildFile; fileRef = D89DF7E329DC2D2500290893 /* DataSet.swift */; };
		D89DF7E629DC4F9800290893 /* CategoryCell.swift in Sources */ = {isa = PBXBuildFile; fileRef = D89DF7E529DC4F9800290893 /* CategoryCell.swift */; };
		D89DF7E829DC642000290893 /* RecipesSelectionVC.swift in Sources */ = {isa = PBXBuildFile; fileRef = D89DF7E729DC642000290893 /* RecipesSelectionVC.swift */; };
/* End PBXBuildFile section */

/* Begin PBXFileReference section */
		D89DF7C529DC29EB00290893 /* RecipeApp.app */ = {isa = PBXFileReference; explicitFileType = wrapper.application; includeInIndex = 0; path = RecipeApp.app; sourceTree = BUILT_PRODUCTS_DIR; };
		D89DF7C829DC29EB00290893 /* AppDelegate.swift */ = {isa = PBXFileReference; lastKnownFileType = sourcecode.swift; path = AppDelegate.swift; sourceTree = "<group>"; };
		D89DF7CA29DC29EB00290893 /* SceneDelegate.swift */ = {isa = PBXFileReference; lastKnownFileType = sourcecode.swift; path = SceneDelegate.swift; sourceTree = "<group>"; };
		D89DF7CC29DC29EB00290893 /* HomeVC.swift */ = {isa = PBXFileReference; lastKnownFileType = sourcecode.swift; path = HomeVC.swift; sourceTree = "<group>"; };
		D89DF7CF29DC29EB00290893 /* Base */ = {isa = PBXFileReference; lastKnownFileType = file.storyboard; name = Base; path = Base.lproj/Main.storyboard; sourceTree = "<group>"; };
		D89DF7D129DC29EC00290893 /* Assets.xcassets */ = {isa = PBXFileReference; lastKnownFileType = folder.assetcatalog; path = Assets.xcassets; sourceTree = "<group>"; };
		D89DF7D429DC29EC00290893 /* Base */ = {isa = PBXFileReference; lastKnownFileType = file.storyboard; name = Base; path = Base.lproj/LaunchScreen.storyboard; sourceTree = "<group>"; };
		D89DF7D629DC29EC00290893 /* Info.plist */ = {isa = PBXFileReference; lastKnownFileType = text.plist.xml; path = Info.plist; sourceTree = "<group>"; };
		D89DF7DF29DC2B0A00290893 /* FoodCategory.swift */ = {isa = PBXFileReference; lastKnownFileType = sourcecode.swift; path = FoodCategory.swift; sourceTree = "<group>"; };
		D89DF7E129DC2CAF00290893 /* Recipe.swift */ = {isa = PBXFileReference; lastKnownFileType = sourcecode.swift; path = Recipe.swift; sourceTree = "<group>"; };
		D89DF7E329DC2D2500290893 /* DataSet.swift */ = {isa = PBXFileReference; lastKnownFileType = sourcecode.swift; path = DataSet.swift; sourceTree = "<group>"; };
		D89DF7E529DC4F9800290893 /* CategoryCell.swift */ = {isa = PBXFileReference; lastKnownFileType = sourcecode.swift; path = CategoryCell.swift; sourceTree = "<group>"; };
		D89DF7E729DC642000290893 /* RecipesSelectionVC.swift */ = {isa = PBXFileReference; lastKnownFileType = sourcecode.swift; path = RecipesSelectionVC.swift; sourceTree = "<group>"; };
/* End PBXFileReference section */

/* Begin PBXFrameworksBuildPhase section */
		D89DF7C229DC29EB00290893 /* Frameworks */ = {
			isa = PBXFrameworksBuildPhase;
			buildActionMask = 2147483647;
			files = (
			);
			runOnlyForDeploymentPostprocessing = 0;
		};
/* End PBXFrameworksBuildPhase section */

/* Begin PBXGroup section */
		D89DF7BC29DC29EB00290893 = {
			isa = PBXGroup;
			children = (
				D89DF7C729DC29EB00290893 /* RecipeApp */,
				D89DF7C629DC29EB00290893 /* Products */,
			);
			sourceTree = "<group>";
		};
		D89DF7C629DC29EB00290893 /* Products */ = {
			isa = PBXGroup;
			children = (
				D89DF7C529DC29EB00290893 /* RecipeApp.app */,
			);
			name = Products;
			sourceTree = "<group>";
		};
		D89DF7C729DC29EB00290893 /* RecipeApp */ = {
			isa = PBXGroup;
			children = (
				D89DF7DC29DC2AA500290893 /* Model */,
				D89DF7DD29DC2AAB00290893 /* View */,
				D89DF7DE29DC2AB100290893 /* Controller */,
				D89DF7C829DC29EB00290893 /* AppDelegate.swift */,
				D89DF7CA29DC29EB00290893 /* SceneDelegate.swift */,
				D89DF7CE29DC29EB00290893 /* Main.storyboard */,
				D89DF7D129DC29EC00290893 /* Assets.xcassets */,
				D89DF7D329DC29EC00290893 /* LaunchScreen.storyboard */,
				D89DF7D629DC29EC00290893 /* Info.plist */,
			);
			path = RecipeApp;
			sourceTree = "<group>";
		};
		D89DF7DC29DC2AA500290893 /* Model */ = {
			isa = PBXGroup;
			children = (
				D89DF7DF29DC2B0A00290893 /* FoodCategory.swift */,
				D89DF7E129DC2CAF00290893 /* Recipe.swift */,
				D89DF7E329DC2D2500290893 /* DataSet.swift */,
			);
			path = Model;
			sourceTree = "<group>";
		};
		D89DF7DD29DC2AAB00290893 /* View */ = {
			isa = PBXGroup;
			children = (
				D89DF7E529DC4F9800290893 /* CategoryCell.swift */,
			);
			path = View;
			sourceTree = "<group>";
		};
		D89DF7DE29DC2AB100290893 /* Controller */ = {
			isa = PBXGroup;
			children = (
				D89DF7CC29DC29EB00290893 /* HomeVC.swift */,
				D89DF7E729DC642000290893 /* RecipesSelectionVC.swift */,
			);
			path = Controller;
			sourceTree = "<group>";
		};
/* End PBXGroup section */

/* Begin PBXNativeTarget section */
		D89DF7C429DC29EB00290893 /* RecipeApp */ = {
			isa = PBXNativeTarget;
			buildConfigurationList = D89DF7D929DC29EC00290893 /* Build configuration list for PBXNativeTarget "RecipeApp" */;
			buildPhases = (
				D89DF7C129DC29EB00290893 /* Sources */,
				D89DF7C229DC29EB00290893 /* Frameworks */,
				D89DF7C329DC29EB00290893 /* Resources */,
			);
			buildRules = (
			);
			dependencies = (
			);
			name = RecipeApp;
			productName = RecipeApp;
			productReference = D89DF7C529DC29EB00290893 /* RecipeApp.app */;
			productType = "com.apple.product-type.application";
		};
/* End PBXNativeTarget section */

/* Begin PBXProject section */
		D89DF7BD29DC29EB00290893 /* Project object */ = {
			isa = PBXProject;
			attributes = {
				BuildIndependentTargetsInParallel = 1;
				LastSwiftUpdateCheck = 1420;
				LastUpgradeCheck = 1420;
				TargetAttributes = {
					D89DF7C429DC29EB00290893 = {
						CreatedOnToolsVersion = 14.2;
					};
				};
			};
			buildConfigurationList = D89DF7C029DC29EB00290893 /* Build configuration list for PBXProject "RecipeApp" */;
			compatibilityVersion = "Xcode 14.0";
			developmentRegion = en;
			hasScannedForEncodings = 0;
			knownRegions = (
				en,
				Base,
			);
			mainGroup = D89DF7BC29DC29EB00290893;
			productRefGroup = D89DF7C629DC29EB00290893 /* Products */;
			projectDirPath = "";
			projectRoot = "";
			targets = (
				D89DF7C429DC29EB00290893 /* RecipeApp */,
			);
		};
/* End PBXProject section */

/* Begin PBXResourcesBuildPhase section */
		D89DF7C329DC29EB00290893 /* Resources */ = {
			isa = PBXResourcesBuildPhase;
			buildActionMask = 2147483647;
			files = (
				D89DF7D529DC29EC00290893 /* LaunchScreen.storyboard in Resources */,
				D89DF7D229DC29EC00290893 /* Assets.xcassets in Resources */,
				D89DF7D029DC29EB00290893 /* Main.storyboard in Resources */,
			);
			runOnlyForDeploymentPostprocessing = 0;
		};
/* End PBXResourcesBuildPhase section */

/* Begin PBXSourcesBuildPhase section */
		D89DF7C129DC29EB00290893 /* Sources */ = {
			isa = PBXSourcesBuildPhase;
			buildActionMask = 2147483647;
			files = (
				D89DF7E429DC2D2500290893 /* DataSet.swift in Sources */,
				D89DF7CD29DC29EB00290893 /* HomeVC.swift in Sources */,
				D89DF7C929DC29EB00290893 /* AppDelegate.swift in Sources */,
				D89DF7E629DC4F9800290893 /* CategoryCell.swift in Sources */,
				D89DF7CB29DC29EB00290893 /* SceneDelegate.swift in Sources */,
				D89DF7E829DC642000290893 /* RecipesSelectionVC.swift in Sources */,
				D89DF7E029DC2B0A00290893 /* FoodCategory.swift in Sources */,
				D89DF7E229DC2CAF00290893 /* Recipe.swift in Sources */,
			);
			runOnlyForDeploymentPostprocessing = 0;
		};
/* End PBXSourcesBuildPhase section */

/* Begin PBXVariantGroup section */
		D89DF7CE29DC29EB00290893 /* Main.storyboard */ = {
			isa = PBXVariantGroup;
			children = (
				D89DF7CF29DC29EB00290893 /* Base */,
			);
			name = Main.storyboard;
			sourceTree = "<group>";
		};
		D89DF7D329DC29EC00290893 /* LaunchScreen.storyboard */ = {
			isa = PBXVariantGroup;
			children = (
				D89DF7D429DC29EC00290893 /* Base */,
			);
			name = LaunchScreen.storyboard;
			sourceTree = "<group>";
		};
/* End PBXVariantGroup section */

/* Begin XCBuildConfiguration section */
		D89DF7D729DC29EC00290893 /* Debug */ = {
			isa = XCBuildConfiguration;
			buildSettings = {
				ALWAYS_SEARCH_USER_PATHS = NO;
				CLANG_ANALYZER_NONNULL = YES;
				CLANG_ANALYZER_NUMBER_OBJECT_CONVERSION = YES_AGGRESSIVE;
				CLANG_CXX_LANGUAGE_STANDARD = "gnu++20";
				CLANG_ENABLE_MODULES = YES;
				CLANG_ENABLE_OBJC_ARC = YES;
				CLANG_ENABLE_OBJC_WEAK = YES;
				CLANG_WARN_BLOCK_CAPTURE_AUTORELEASING = YES;
				CLANG_WARN_BOOL_CONVERSION = YES;
				CLANG_WARN_COMMA = YES;
				CLANG_WARN_CONSTANT_CONVERSION = YES;
				CLANG_WARN_DEPRECATED_OBJC_IMPLEMENTATIONS = YES;
				CLANG_WARN_DIRECT_OBJC_ISA_USAGE = YES_ERROR;
				CLANG_WARN_DOCUMENTATION_COMMENTS = YES;
				CLANG_WARN_EMPTY_BODY = YES;
				CLANG_WARN_ENUM_CONVERSION = YES;
				CLANG_WARN_INFINITE_RECURSION = YES;
				CLANG_WARN_INT_CONVERSION = YES;
				CLANG_WARN_NON_LITERAL_NULL_CONVERSION = YES;
				CLANG_WARN_OBJC_IMPLICIT_RETAIN_SELF = YES;
				CLANG_WARN_OBJC_LITERAL_CONVERSION = YES;
				CLANG_WARN_OBJC_ROOT_CLASS = YES_ERROR;
				CLANG_WARN_QUOTED_INCLUDE_IN_FRAMEWORK_HEADER = YES;
				CLANG_WARN_RANGE_LOOP_ANALYSIS = YES;
				CLANG_WARN_STRICT_PROTOTYPES = YES;
				CLANG_WARN_SUSPICIOUS_MOVE = YES;
				CLANG_WARN_UNGUARDED_AVAILABILITY = YES_AGGRESSIVE;
				CLANG_WARN_UNREACHABLE_CODE = YES;
				CLANG_WARN__DUPLICATE_METHOD_MATCH = YES;
				COPY_PHASE_STRIP = NO;
				DEBUG_INFORMATION_FORMAT = dwarf;
				ENABLE_STRICT_OBJC_MSGSEND = YES;
				ENABLE_TESTABILITY = YES;
				GCC_C_LANGUAGE_STANDARD = gnu11;
				GCC_DYNAMIC_NO_PIC = NO;
				GCC_NO_COMMON_BLOCKS = YES;
				GCC_OPTIMIZATION_LEVEL = 0;
				GCC_PREPROCESSOR_DEFINITIONS = (
					"DEBUG=1",
					"$(inherited)",
				);
				GCC_WARN_64_TO_32_BIT_CONVERSION = YES;
				GCC_WARN_ABOUT_RETURN_TYPE = YES_ERROR;
				GCC_WARN_UNDECLARED_SELECTOR = YES;
				GCC_WARN_UNINITIALIZED_AUTOS = YES_AGGRESSIVE;
				GCC_WARN_UNUSED_FUNCTION = YES;
				GCC_WARN_UNUSED_VARIABLE = YES;
				IPHONEOS_DEPLOYMENT_TARGET = 16.2;
				MTL_ENABLE_DEBUG_INFO = INCLUDE_SOURCE;
				MTL_FAST_MATH = YES;
				ONLY_ACTIVE_ARCH = YES;
				SDKROOT = iphoneos;
				SWIFT_ACTIVE_COMPILATION_CONDITIONS = DEBUG;
				SWIFT_OPTIMIZATION_LEVEL = "-Onone";
			};
			name = Debug;
		};
		D89DF7D829DC29EC00290893 /* Release */ = {
			isa = XCBuildConfiguration;
			buildSettings = {
				ALWAYS_SEARCH_USER_PATHS = NO;
				CLANG_ANALYZER_NONNULL = YES;
				CLANG_ANALYZER_NUMBER_OBJECT_CONVERSION = YES_AGGRESSIVE;
				CLANG_CXX_LANGUAGE_STANDARD = "gnu++20";
				CLANG_ENABLE_MODULES = YES;
				CLANG_ENABLE_OBJC_ARC = YES;
				CLANG_ENABLE_OBJC_WEAK = YES;
				CLANG_WARN_BLOCK_CAPTURE_AUTORELEASING = YES;
				CLANG_WARN_BOOL_CONVERSION = YES;
				CLANG_WARN_COMMA = YES;
				CLANG_WARN_CONSTANT_CONVERSION = YES;
				CLANG_WARN_DEPRECATED_OBJC_IMPLEMENTATIONS = YES;
				CLANG_WARN_DIRECT_OBJC_ISA_USAGE = YES_ERROR;
				CLANG_WARN_DOCUMENTATION_COMMENTS = YES;
				CLANG_WARN_EMPTY_BODY = YES;
				CLANG_WARN_ENUM_CONVERSION = YES;
				CLANG_WARN_INFINITE_RECURSION = YES;
				CLANG_WARN_INT_CONVERSION = YES;
				CLANG_WARN_NON_LITERAL_NULL_CONVERSION = YES;
				CLANG_WARN_OBJC_IMPLICIT_RETAIN_SELF = YES;
				CLANG_WARN_OBJC_LITERAL_CONVERSION = YES;
				CLANG_WARN_OBJC_ROOT_CLASS = YES_ERROR;
				CLANG_WARN_QUOTED_INCLUDE_IN_FRAMEWORK_HEADER = YES;
				CLANG_WARN_RANGE_LOOP_ANALYSIS = YES;
				CLANG_WARN_STRICT_PROTOTYPES = YES;
				CLANG_WARN_SUSPICIOUS_MOVE = YES;
				CLANG_WARN_UNGUARDED_AVAILABILITY = YES_AGGRESSIVE;
				CLANG_WARN_UNREACHABLE_CODE = YES;
				CLANG_WARN__DUPLICATE_METHOD_MATCH = YES;
				COPY_PHASE_STRIP = NO;
				DEBUG_INFORMATION_FORMAT = "dwarf-with-dsym";
				ENABLE_NS_ASSERTIONS = NO;
				ENABLE_STRICT_OBJC_MSGSEND = YES;
				GCC_C_LANGUAGE_STANDARD = gnu11;
				GCC_NO_COMMON_BLOCKS = YES;
				GCC_WARN_64_TO_32_BIT_CONVERSION = YES;
				GCC_WARN_ABOUT_RETURN_TYPE = YES_ERROR;
				GCC_WARN_UNDECLARED_SELECTOR = YES;
				GCC_WARN_UNINITIALIZED_AUTOS = YES_AGGRESSIVE;
				GCC_WARN_UNUSED_FUNCTION = YES;
				GCC_WARN_UNUSED_VARIABLE = YES;
				IPHONEOS_DEPLOYMENT_TARGET = 16.2;
				MTL_ENABLE_DEBUG_INFO = NO;
				MTL_FAST_MATH = YES;
				SDKROOT = iphoneos;
				SWIFT_COMPILATION_MODE = wholemodule;
				SWIFT_OPTIMIZATION_LEVEL = "-O";
				VALIDATE_PRODUCT = YES;
			};
			name = Release;
		};
		D89DF7DA29DC29EC00290893 /* Debug */ = {
			isa = XCBuildConfiguration;
			buildSettings = {
				ASSETCATALOG_COMPILER_APPICON_NAME = AppIcon;
				ASSETCATALOG_COMPILER_GLOBAL_ACCENT_COLOR_NAME = AccentColor;
				CODE_SIGN_STYLE = Automatic;
				CURRENT_PROJECT_VERSION = 1;
				DEVELOPMENT_TEAM = 6V8RYTN3WC;
				GENERATE_INFOPLIST_FILE = YES;
				INFOPLIST_FILE = RecipeApp/Info.plist;
				INFOPLIST_KEY_UIApplicationSupportsIndirectInputEvents = YES;
				INFOPLIST_KEY_UILaunchStoryboardName = LaunchScreen;
				INFOPLIST_KEY_UIMainStoryboardFile = Main;
				INFOPLIST_KEY_UISupportedInterfaceOrientations_iPad = "UIInterfaceOrientationPortrait UIInterfaceOrientationPortraitUpsideDown UIInterfaceOrientationLandscapeLeft UIInterfaceOrientationLandscapeRight";
				INFOPLIST_KEY_UISupportedInterfaceOrientations_iPhone = "UIInterfaceOrientationPortrait UIInterfaceOrientationLandscapeLeft UIInterfaceOrientationLandscapeRight";
				LD_RUNPATH_SEARCH_PATHS = (
					"$(inherited)",
					"@executable_path/Frameworks",
				);
				MARKETING_VERSION = 1.0;
				PRODUCT_BUNDLE_IDENTIFIER = com.kocakaysegul.RecipeApp;
				PRODUCT_NAME = "$(TARGET_NAME)";
				SWIFT_EMIT_LOC_STRINGS = YES;
				SWIFT_VERSION = 5.0;
				TARGETED_DEVICE_FAMILY = "1,2";
			};
			name = Debug;
		};
		D89DF7DB29DC29EC00290893 /* Release */ = {
			isa = XCBuildConfiguration;
			buildSettings = {
				ASSETCATALOG_COMPILER_APPICON_NAME = AppIcon;
				ASSETCATALOG_COMPILER_GLOBAL_ACCENT_COLOR_NAME = AccentColor;
				CODE_SIGN_STYLE = Automatic;
				CURRENT_PROJECT_VERSION = 1;
				DEVELOPMENT_TEAM = 6V8RYTN3WC;
				GENERATE_INFOPLIST_FILE = YES;
				INFOPLIST_FILE = RecipeApp/Info.plist;
				INFOPLIST_KEY_UIApplicationSupportsIndirectInputEvents = YES;
				INFOPLIST_KEY_UILaunchStoryboardName = LaunchScreen;
				INFOPLIST_KEY_UIMainStoryboardFile = Main;
				INFOPLIST_KEY_UISupportedInterfaceOrientations_iPad = "UIInterfaceOrientationPortrait UIInterfaceOrientationPortraitUpsideDown UIInterfaceOrientationLandscapeLeft UIInterfaceOrientationLandscapeRight";
				INFOPLIST_KEY_UISupportedInterfaceOrientations_iPhone = "UIInterfaceOrientationPortrait UIInterfaceOrientationLandscapeLeft UIInterfaceOrientationLandscapeRight";
				LD_RUNPATH_SEARCH_PATHS = (
					"$(inherited)",
					"@executable_path/Frameworks",
				);
				MARKETING_VERSION = 1.0;
				PRODUCT_BUNDLE_IDENTIFIER = com.kocakaysegul.RecipeApp;
				PRODUCT_NAME = "$(TARGET_NAME)";
				SWIFT_EMIT_LOC_STRINGS = YES;
				SWIFT_VERSION = 5.0;
				TARGETED_DEVICE_FAMILY = "1,2";
			};
			name = Release;
		};
/* End XCBuildConfiguration section */

/* Begin XCConfigurationList section */
		D89DF7C029DC29EB00290893 /* Build configuration list for PBXProject "RecipeApp" */ = {
			isa = XCConfigurationList;
			buildConfigurations = (
				D89DF7D729DC29EC00290893 /* Debug */,
				D89DF7D829DC29EC00290893 /* Release */,
			);
			defaultConfigurationIsVisible = 0;
			defaultConfigurationName = Release;
		};
		D89DF7D929DC29EC00290893 /* Build configuration list for PBXNativeTarget "RecipeApp" */ = {
			isa = XCConfigurationList;
			buildConfigurations = (
				D89DF7DA29DC29EC00290893 /* Debug */,
				D89DF7DB29DC29EC00290893 /* Release */,
			);
			defaultConfigurationIsVisible = 0;
			defaultConfigurationName = Release;
		};
/* End XCConfigurationList section */
	};
	rootObject = D89DF7BD29DC29EB00290893 /* Project object */;
}
